// !$*UTF8*$!
{
	archiveVersion = 1;
	classes = {
	};
	objectVersion = 56;
	objects = {

/* Begin PBXBuildFile section */
		45839DBE2AAF4D5A00BBE821 /* AppDelegate.swift in Sources */ = {isa = PBXBuildFile; fileRef = 45839DBD2AAF4D5A00BBE821 /* AppDelegate.swift */; };
		45839DC02AAF4D5A00BBE821 /* SceneDelegate.swift in Sources */ = {isa = PBXBuildFile; fileRef = 45839DBF2AAF4D5A00BBE821 /* SceneDelegate.swift */; };
		45839DC22AAF4D5A00BBE821 /* ViewController.swift in Sources */ = {isa = PBXBuildFile; fileRef = 45839DC12AAF4D5A00BBE821 /* ViewController.swift */; };
		45839DC52AAF4D5A00BBE821 /* Main.storyboard in Resources */ = {isa = PBXBuildFile; fileRef = 45839DC32AAF4D5A00BBE821 /* Main.storyboard */; };
		45839DC72AAF4D5C00BBE821 /* Assets.xcassets in Resources */ = {isa = PBXBuildFile; fileRef = 45839DC62AAF4D5C00BBE821 /* Assets.xcassets */; };
		45839DCA2AAF4D5C00BBE821 /* LaunchScreen.storyboard in Resources */ = {isa = PBXBuildFile; fileRef = 45839DC82AAF4D5C00BBE821 /* LaunchScreen.storyboard */; };
		45839DD52AAF4D5C00BBE821 /* Five_Answer_BoxTests.swift in Sources */ = {isa = PBXBuildFile; fileRef = 45839DD42AAF4D5C00BBE821 /* Five_Answer_BoxTests.swift */; };
		45839DDF2AAF4D5C00BBE821 /* Five_Answer_BoxUITests.swift in Sources */ = {isa = PBXBuildFile; fileRef = 45839DDE2AAF4D5C00BBE821 /* Five_Answer_BoxUITests.swift */; };
		45839DE12AAF4D5C00BBE821 /* Five_Answer_BoxUITestsLaunchTests.swift in Sources */ = {isa = PBXBuildFile; fileRef = 45839DE02AAF4D5C00BBE821 /* Five_Answer_BoxUITestsLaunchTests.swift */; };
/* End PBXBuildFile section */

/* Begin PBXContainerItemProxy section */
		45839DD12AAF4D5C00BBE821 /* PBXContainerItemProxy */ = {
			isa = PBXContainerItemProxy;
			containerPortal = 45839DB22AAF4D5A00BBE821 /* Project object */;
			proxyType = 1;
			remoteGlobalIDString = 45839DB92AAF4D5A00BBE821;
			remoteInfo = Five_Answer_Box;
		};
		45839DDB2AAF4D5C00BBE821 /* PBXContainerItemProxy */ = {
			isa = PBXContainerItemProxy;
			containerPortal = 45839DB22AAF4D5A00BBE821 /* Project object */;
			proxyType = 1;
			remoteGlobalIDString = 45839DB92AAF4D5A00BBE821;
			remoteInfo = Five_Answer_Box;
		};
/* End PBXContainerItemProxy section */

/* Begin PBXFileReference section */
		45839DBA2AAF4D5A00BBE821 /* Five_Answer_Box.app */ = {isa = PBXFileReference; explicitFileType = wrapper.application; includeInIndex = 0; path = Five_Answer_Box.app; sourceTree = BUILT_PRODUCTS_DIR; };
		45839DBD2AAF4D5A00BBE821 /* AppDelegate.swift */ = {isa = PBXFileReference; lastKnownFileType = sourcecode.swift; path = AppDelegate.swift; sourceTree = "<group>"; };
		45839DBF2AAF4D5A00BBE821 /* SceneDelegate.swift */ = {isa = PBXFileReference; lastKnownFileType = sourcecode.swift; path = SceneDelegate.swift; sourceTree = "<group>"; };
		45839DC12AAF4D5A00BBE821 /* ViewController.swift */ = {isa = PBXFileReference; lastKnownFileType = sourcecode.swift; path = ViewController.swift; sourceTree = "<group>"; };
		45839DC42AAF4D5A00BBE821 /* Base */ = {isa = PBXFileReference; lastKnownFileType = file.storyboard; name = Base; path = Base.lproj/Main.storyboard; sourceTree = "<group>"; };
		45839DC62AAF4D5C00BBE821 /* Assets.xcassets */ = {isa = PBXFileReference; lastKnownFileType = folder.assetcatalog; path = Assets.xcassets; sourceTree = "<group>"; };
		45839DC92AAF4D5C00BBE821 /* Base */ = {isa = PBXFileReference; lastKnownFileType = file.storyboard; name = Base; path = Base.lproj/LaunchScreen.storyboard; sourceTree = "<group>"; };
		45839DCB2AAF4D5C00BBE821 /* Info.plist */ = {isa = PBXFileReference; lastKnownFileType = text.plist.xml; path = Info.plist; sourceTree = "<group>"; };
		45839DD02AAF4D5C00BBE821 /* Five_Answer_BoxTests.xctest */ = {isa = PBXFileReference; explicitFileType = wrapper.cfbundle; includeInIndex = 0; path = Five_Answer_BoxTests.xctest; sourceTree = BUILT_PRODUCTS_DIR; };
		45839DD42AAF4D5C00BBE821 /* Five_Answer_BoxTests.swift */ = {isa = PBXFileReference; lastKnownFileType = sourcecode.swift; path = Five_Answer_BoxTests.swift; sourceTree = "<group>"; };
		45839DDA2AAF4D5C00BBE821 /* Five_Answer_BoxUITests.xctest */ = {isa = PBXFileReference; explicitFileType = wrapper.cfbundle; includeInIndex = 0; path = Five_Answer_BoxUITests.xctest; sourceTree = BUILT_PRODUCTS_DIR; };
		45839DDE2AAF4D5C00BBE821 /* Five_Answer_BoxUITests.swift */ = {isa = PBXFileReference; lastKnownFileType = sourcecode.swift; path = Five_Answer_BoxUITests.swift; sourceTree = "<group>"; };
		45839DE02AAF4D5C00BBE821 /* Five_Answer_BoxUITestsLaunchTests.swift */ = {isa = PBXFileReference; lastKnownFileType = sourcecode.swift; path = Five_Answer_BoxUITestsLaunchTests.swift; sourceTree = "<group>"; };
/* End PBXFileReference section */

/* Begin PBXFrameworksBuildPhase section */
		45839DB72AAF4D5A00BBE821 /* Frameworks */ = {
			isa = PBXFrameworksBuildPhase;
			buildActionMask = 2147483647;
			files = (
			);
			runOnlyForDeploymentPostprocessing = 0;
		};
		45839DCD2AAF4D5C00BBE821 /* Frameworks */ = {
			isa = PBXFrameworksBuildPhase;
			buildActionMask = 2147483647;
			files = (
			);
			runOnlyForDeploymentPostprocessing = 0;
		};
		45839DD72AAF4D5C00BBE821 /* Frameworks */ = {
			isa = PBXFrameworksBuildPhase;
			buildActionMask = 2147483647;
			files = (
			);
			runOnlyForDeploymentPostprocessing = 0;
		};
/* End PBXFrameworksBuildPhase section */

/* Begin PBXGroup section */
		45839DB12AAF4D5A00BBE821 = {
			isa = PBXGroup;
			children = (
				45839DBC2AAF4D5A00BBE821 /* Five_Answer_Box */,
				45839DD32AAF4D5C00BBE821 /* Five_Answer_BoxTests */,
				45839DDD2AAF4D5C00BBE821 /* Five_Answer_BoxUITests */,
				45839DBB2AAF4D5A00BBE821 /* Products */,
			);
			sourceTree = "<group>";
		};
		45839DBB2AAF4D5A00BBE821 /* Products */ = {
			isa = PBXGroup;
			children = (
				45839DBA2AAF4D5A00BBE821 /* Five_Answer_Box.app */,
				45839DD02AAF4D5C00BBE821 /* Five_Answer_BoxTests.xctest */,
				45839DDA2AAF4D5C00BBE821 /* Five_Answer_BoxUITests.xctest */,
			);
			name = Products;
			sourceTree = "<group>";
		};
		45839DBC2AAF4D5A00BBE821 /* Five_Answer_Box */ = {
			isa = PBXGroup;
			children = (
				45839DBD2AAF4D5A00BBE821 /* AppDelegate.swift */,
				45839DBF2AAF4D5A00BBE821 /* SceneDelegate.swift */,
				45839DC12AAF4D5A00BBE821 /* ViewController.swift */,
				45839DC32AAF4D5A00BBE821 /* Main.storyboard */,
				45839DC62AAF4D5C00BBE821 /* Assets.xcassets */,
				45839DC82AAF4D5C00BBE821 /* LaunchScreen.storyboard */,
				45839DCB2AAF4D5C00BBE821 /* Info.plist */,
			);
			path = Five_Answer_Box;
			sourceTree = "<group>";
		};
		45839DD32AAF4D5C00BBE821 /* Five_Answer_BoxTests */ = {
			isa = PBXGroup;
			children = (
				45839DD42AAF4D5C00BBE821 /* Five_Answer_BoxTests.swift */,
			);
			path = Five_Answer_BoxTests;
			sourceTree = "<group>";
		};
		45839DDD2AAF4D5C00BBE821 /* Five_Answer_BoxUITests */ = {
			isa = PBXGroup;
			children = (
				45839DDE2AAF4D5C00BBE821 /* Five_Answer_BoxUITests.swift */,
				45839DE02AAF4D5C00BBE821 /* Five_Answer_BoxUITestsLaunchTests.swift */,
			);
			path = Five_Answer_BoxUITests;
			sourceTree = "<group>";
		};
/* End PBXGroup section */

/* Begin PBXNativeTarget section */
		45839DB92AAF4D5A00BBE821 /* Five_Answer_Box */ = {
			isa = PBXNativeTarget;
			buildConfigurationList = 45839DE42AAF4D5C00BBE821 /* Build configuration list for PBXNativeTarget "Five_Answer_Box" */;
			buildPhases = (
				45839DB62AAF4D5A00BBE821 /* Sources */,
				45839DB72AAF4D5A00BBE821 /* Frameworks */,
				45839DB82AAF4D5A00BBE821 /* Resources */,
			);
			buildRules = (
			);
			dependencies = (
			);
			name = Five_Answer_Box;
			productName = Five_Answer_Box;
			productReference = 45839DBA2AAF4D5A00BBE821 /* Five_Answer_Box.app */;
			productType = "com.apple.product-type.application";
		};
		45839DCF2AAF4D5C00BBE821 /* Five_Answer_BoxTests */ = {
			isa = PBXNativeTarget;
			buildConfigurationList = 45839DE72AAF4D5C00BBE821 /* Build configuration list for PBXNativeTarget "Five_Answer_BoxTests" */;
			buildPhases = (
				45839DCC2AAF4D5C00BBE821 /* Sources */,
				45839DCD2AAF4D5C00BBE821 /* Frameworks */,
				45839DCE2AAF4D5C00BBE821 /* Resources */,
			);
			buildRules = (
			);
			dependencies = (
				45839DD22AAF4D5C00BBE821 /* PBXTargetDependency */,
			);
			name = Five_Answer_BoxTests;
			productName = Five_Answer_BoxTests;
			productReference = 45839DD02AAF4D5C00BBE821 /* Five_Answer_BoxTests.xctest */;
			productType = "com.apple.product-type.bundle.unit-test";
		};
		45839DD92AAF4D5C00BBE821 /* Five_Answer_BoxUITests */ = {
			isa = PBXNativeTarget;
			buildConfigurationList = 45839DEA2AAF4D5C00BBE821 /* Build configuration list for PBXNativeTarget "Five_Answer_BoxUITests" */;
			buildPhases = (
				45839DD62AAF4D5C00BBE821 /* Sources */,
				45839DD72AAF4D5C00BBE821 /* Frameworks */,
				45839DD82AAF4D5C00BBE821 /* Resources */,
			);
			buildRules = (
			);
			dependencies = (
				45839DDC2AAF4D5C00BBE821 /* PBXTargetDependency */,
			);
			name = Five_Answer_BoxUITests;
			productName = Five_Answer_BoxUITests;
			productReference = 45839DDA2AAF4D5C00BBE821 /* Five_Answer_BoxUITests.xctest */;
			productType = "com.apple.product-type.bundle.ui-testing";
		};
/* End PBXNativeTarget section */

/* Begin PBXProject section */
		45839DB22AAF4D5A00BBE821 /* Project object */ = {
			isa = PBXProject;
			attributes = {
				BuildIndependentTargetsInParallel = 1;
				LastSwiftUpdateCheck = 1430;
				LastUpgradeCheck = 1430;
				TargetAttributes = {
					45839DB92AAF4D5A00BBE821 = {
						CreatedOnToolsVersion = 14.3.1;
					};
					45839DCF2AAF4D5C00BBE821 = {
						CreatedOnToolsVersion = 14.3.1;
						TestTargetID = 45839DB92AAF4D5A00BBE821;
					};
					45839DD92AAF4D5C00BBE821 = {
						CreatedOnToolsVersion = 14.3.1;
						TestTargetID = 45839DB92AAF4D5A00BBE821;
					};
				};
			};
			buildConfigurationList = 45839DB52AAF4D5A00BBE821 /* Build configuration list for PBXProject "Five_Answer_Box" */;
			compatibilityVersion = "Xcode 14.0";
			developmentRegion = en;
			hasScannedForEncodings = 0;
			knownRegions = (
				en,
				Base,
			);
			mainGroup = 45839DB12AAF4D5A00BBE821;
			productRefGroup = 45839DBB2AAF4D5A00BBE821 /* Products */;
			projectDirPath = "";
			projectRoot = "";
			targets = (
				45839DB92AAF4D5A00BBE821 /* Five_Answer_Box */,
				45839DCF2AAF4D5C00BBE821 /* Five_Answer_BoxTests */,
				45839DD92AAF4D5C00BBE821 /* Five_Answer_BoxUITests */,
			);
		};
/* End PBXProject section */

/* Begin PBXResourcesBuildPhase section */
		45839DB82AAF4D5A00BBE821 /* Resources */ = {
			isa = PBXResourcesBuildPhase;
			buildActionMask = 2147483647;
			files = (
				45839DCA2AAF4D5C00BBE821 /* LaunchScreen.storyboard in Resources */,
				45839DC72AAF4D5C00BBE821 /* Assets.xcassets in Resources */,
				45839DC52AAF4D5A00BBE821 /* Main.storyboard in Resources */,
			);
			runOnlyForDeploymentPostprocessing = 0;
		};
		45839DCE2AAF4D5C00BBE821 /* Resources */ = {
			isa = PBXResourcesBuildPhase;
			buildActionMask = 2147483647;
			files = (
			);
			runOnlyForDeploymentPostprocessing = 0;
		};
		45839DD82AAF4D5C00BBE821 /* Resources */ = {
			isa = PBXResourcesBuildPhase;
			buildActionMask = 2147483647;
			files = (
			);
			runOnlyForDeploymentPostprocessing = 0;
		};
/* End PBXResourcesBuildPhase section */

/* Begin PBXSourcesBuildPhase section */
		45839DB62AAF4D5A00BBE821 /* Sources */ = {
			isa = PBXSourcesBuildPhase;
			buildActionMask = 2147483647;
			files = (
				45839DC22AAF4D5A00BBE821 /* ViewController.swift in Sources */,
				45839DBE2AAF4D5A00BBE821 /* AppDelegate.swift in Sources */,
				45839DC02AAF4D5A00BBE821 /* SceneDelegate.swift in Sources */,
			);
			runOnlyForDeploymentPostprocessing = 0;
		};
		45839DCC2AAF4D5C00BBE821 /* Sources */ = {
			isa = PBXSourcesBuildPhase;
			buildActionMask = 2147483647;
			files = (
				45839DD52AAF4D5C00BBE821 /* Five_Answer_BoxTests.swift in Sources */,
			);
			runOnlyForDeploymentPostprocessing = 0;
		};
		45839DD62AAF4D5C00BBE821 /* Sources */ = {
			isa = PBXSourcesBuildPhase;
			buildActionMask = 2147483647;
			files = (
				45839DE12AAF4D5C00BBE821 /* Five_Answer_BoxUITestsLaunchTests.swift in Sources */,
				45839DDF2AAF4D5C00BBE821 /* Five_Answer_BoxUITests.swift in Sources */,
			);
			runOnlyForDeploymentPostprocessing = 0;
		};
/* End PBXSourcesBuildPhase section */

/* Begin PBXTargetDependency section */
		45839DD22AAF4D5C00BBE821 /* PBXTargetDependency */ = {
			isa = PBXTargetDependency;
			target = 45839DB92AAF4D5A00BBE821 /* Five_Answer_Box */;
			targetProxy = 45839DD12AAF4D5C00BBE821 /* PBXContainerItemProxy */;
		};
		45839DDC2AAF4D5C00BBE821 /* PBXTargetDependency */ = {
			isa = PBXTargetDependency;
			target = 45839DB92AAF4D5A00BBE821 /* Five_Answer_Box */;
			targetProxy = 45839DDB2AAF4D5C00BBE821 /* PBXContainerItemProxy */;
		};
/* End PBXTargetDependency section */

/* Begin PBXVariantGroup section */
		45839DC32AAF4D5A00BBE821 /* Main.storyboard */ = {
			isa = PBXVariantGroup;
			children = (
				45839DC42AAF4D5A00BBE821 /* Base */,
			);
			name = Main.storyboard;
			sourceTree = "<group>";
		};
		45839DC82AAF4D5C00BBE821 /* LaunchScreen.storyboard */ = {
			isa = PBXVariantGroup;
			children = (
				45839DC92AAF4D5C00BBE821 /* Base */,
			);
			name = LaunchScreen.storyboard;
			sourceTree = "<group>";
		};
/* End PBXVariantGroup section */

/* Begin XCBuildConfiguration section */
		45839DE22AAF4D5C00BBE821 /* Debug */ = {
			isa = XCBuildConfiguration;
			buildSettings = {
				ALWAYS_SEARCH_USER_PATHS = NO;
				CLANG_ANALYZER_NONNULL = YES;
				CLANG_ANALYZER_NUMBER_OBJECT_CONVERSION = YES_AGGRESSIVE;
				CLANG_CXX_LANGUAGE_STANDARD = "gnu++20";
				CLANG_ENABLE_MODULES = YES;
				CLANG_ENABLE_OBJC_ARC = YES;
				CLANG_ENABLE_OBJC_WEAK = YES;
				CLANG_WARN_BLOCK_CAPTURE_AUTORELEASING = YES;
				CLANG_WARN_BOOL_CONVERSION = YES;
				CLANG_WARN_COMMA = YES;
				CLANG_WARN_CONSTANT_CONVERSION = YES;
				CLANG_WARN_DEPRECATED_OBJC_IMPLEMENTATIONS = YES;
				CLANG_WARN_DIRECT_OBJC_ISA_USAGE = YES_ERROR;
				CLANG_WARN_DOCUMENTATION_COMMENTS = YES;
				CLANG_WARN_EMPTY_BODY = YES;
				CLANG_WARN_ENUM_CONVERSION = YES;
				CLANG_WARN_INFINITE_RECURSION = YES;
				CLANG_WARN_INT_CONVERSION = YES;
				CLANG_WARN_NON_LITERAL_NULL_CONVERSION = YES;
				CLANG_WARN_OBJC_IMPLICIT_RETAIN_SELF = YES;
				CLANG_WARN_OBJC_LITERAL_CONVERSION = YES;
				CLANG_WARN_OBJC_ROOT_CLASS = YES_ERROR;
				CLANG_WARN_QUOTED_INCLUDE_IN_FRAMEWORK_HEADER = YES;
				CLANG_WARN_RANGE_LOOP_ANALYSIS = YES;
				CLANG_WARN_STRICT_PROTOTYPES = YES;
				CLANG_WARN_SUSPICIOUS_MOVE = YES;
				CLANG_WARN_UNGUARDED_AVAILABILITY = YES_AGGRESSIVE;
				CLANG_WARN_UNREACHABLE_CODE = YES;
				CLANG_WARN__DUPLICATE_METHOD_MATCH = YES;
				COPY_PHASE_STRIP = NO;
				DEBUG_INFORMATION_FORMAT = dwarf;
				ENABLE_STRICT_OBJC_MSGSEND = YES;
				ENABLE_TESTABILITY = YES;
				GCC_C_LANGUAGE_STANDARD = gnu11;
				GCC_DYNAMIC_NO_PIC = NO;
				GCC_NO_COMMON_BLOCKS = YES;
				GCC_OPTIMIZATION_LEVEL = 0;
				GCC_PREPROCESSOR_DEFINITIONS = (
					"DEBUG=1",
					"$(inherited)",
				);
				GCC_WARN_64_TO_32_BIT_CONVERSION = YES;
				GCC_WARN_ABOUT_RETURN_TYPE = YES_ERROR;
				GCC_WARN_UNDECLARED_SELECTOR = YES;
				GCC_WARN_UNINITIALIZED_AUTOS = YES_AGGRESSIVE;
				GCC_WARN_UNUSED_FUNCTION = YES;
				GCC_WARN_UNUSED_VARIABLE = YES;
				IPHONEOS_DEPLOYMENT_TARGET = 16.4;
				MTL_ENABLE_DEBUG_INFO = INCLUDE_SOURCE;
				MTL_FAST_MATH = YES;
				ONLY_ACTIVE_ARCH = YES;
				SDKROOT = iphoneos;
				SWIFT_ACTIVE_COMPILATION_CONDITIONS = DEBUG;
				SWIFT_OPTIMIZATION_LEVEL = "-Onone";
			};
			name = Debug;
		};
		45839DE32AAF4D5C00BBE821 /* Release */ = {
			isa = XCBuildConfiguration;
			buildSettings = {
				ALWAYS_SEARCH_USER_PATHS = NO;
				CLANG_ANALYZER_NONNULL = YES;
				CLANG_ANALYZER_NUMBER_OBJECT_CONVERSION = YES_AGGRESSIVE;
				CLANG_CXX_LANGUAGE_STANDARD = "gnu++20";
				CLANG_ENABLE_MODULES = YES;
				CLANG_ENABLE_OBJC_ARC = YES;
				CLANG_ENABLE_OBJC_WEAK = YES;
				CLANG_WARN_BLOCK_CAPTURE_AUTORELEASING = YES;
				CLANG_WARN_BOOL_CONVERSION = YES;
				CLANG_WARN_COMMA = YES;
				CLANG_WARN_CONSTANT_CONVERSION = YES;
				CLANG_WARN_DEPRECATED_OBJC_IMPLEMENTATIONS = YES;
				CLANG_WARN_DIRECT_OBJC_ISA_USAGE = YES_ERROR;
				CLANG_WARN_DOCUMENTATION_COMMENTS = YES;
				CLANG_WARN_EMPTY_BODY = YES;
				CLANG_WARN_ENUM_CONVERSION = YES;
				CLANG_WARN_INFINITE_RECURSION = YES;
				CLANG_WARN_INT_CONVERSION = YES;
				CLANG_WARN_NON_LITERAL_NULL_CONVERSION = YES;
				CLANG_WARN_OBJC_IMPLICIT_RETAIN_SELF = YES;
				CLANG_WARN_OBJC_LITERAL_CONVERSION = YES;
				CLANG_WARN_OBJC_ROOT_CLASS = YES_ERROR;
				CLANG_WARN_QUOTED_INCLUDE_IN_FRAMEWORK_HEADER = YES;
				CLANG_WARN_RANGE_LOOP_ANALYSIS = YES;
				CLANG_WARN_STRICT_PROTOTYPES = YES;
				CLANG_WARN_SUSPICIOUS_MOVE = YES;
				CLANG_WARN_UNGUARDED_AVAILABILITY = YES_AGGRESSIVE;
				CLANG_WARN_UNREACHABLE_CODE = YES;
				CLANG_WARN__DUPLICATE_METHOD_MATCH = YES;
				COPY_PHASE_STRIP = NO;
				DEBUG_INFORMATION_FORMAT = "dwarf-with-dsym";
				ENABLE_NS_ASSERTIONS = NO;
				ENABLE_STRICT_OBJC_MSGSEND = YES;
				GCC_C_LANGUAGE_STANDARD = gnu11;
				GCC_NO_COMMON_BLOCKS = YES;
				GCC_WARN_64_TO_32_BIT_CONVERSION = YES;
				GCC_WARN_ABOUT_RETURN_TYPE = YES_ERROR;
				GCC_WARN_UNDECLARED_SELECTOR = YES;
				GCC_WARN_UNINITIALIZED_AUTOS = YES_AGGRESSIVE;
				GCC_WARN_UNUSED_FUNCTION = YES;
				GCC_WARN_UNUSED_VARIABLE = YES;
				IPHONEOS_DEPLOYMENT_TARGET = 16.4;
				MTL_ENABLE_DEBUG_INFO = NO;
				MTL_FAST_MATH = YES;
				SDKROOT = iphoneos;
				SWIFT_COMPILATION_MODE = wholemodule;
				SWIFT_OPTIMIZATION_LEVEL = "-O";
				VALIDATE_PRODUCT = YES;
			};
			name = Release;
		};
		45839DE52AAF4D5C00BBE821 /* Debug */ = {
			isa = XCBuildConfiguration;
			buildSettings = {
				ASSETCATALOG_COMPILER_APPICON_NAME = AppIcon;
				ASSETCATALOG_COMPILER_GLOBAL_ACCENT_COLOR_NAME = AccentColor;
				CODE_SIGN_STYLE = Automatic;
				CURRENT_PROJECT_VERSION = 1;
				GENERATE_INFOPLIST_FILE = YES;
				INFOPLIST_FILE = Five_Answer_Box/Info.plist;
				INFOPLIST_KEY_UIApplicationSupportsIndirectInputEvents = YES;
				INFOPLIST_KEY_UILaunchStoryboardName = LaunchScreen;
				INFOPLIST_KEY_UIMainStoryboardFile = Main;
				INFOPLIST_KEY_UISupportedInterfaceOrientations_iPad = "UIInterfaceOrientationPortrait UIInterfaceOrientationPortraitUpsideDown UIInterfaceOrientationLandscapeLeft UIInterfaceOrientationLandscapeRight";
				INFOPLIST_KEY_UISupportedInterfaceOrientations_iPhone = "UIInterfaceOrientationPortrait UIInterfaceOrientationLandscapeLeft UIInterfaceOrientationLandscapeRight";
				LD_RUNPATH_SEARCH_PATHS = (
					"$(inherited)",
					"@executable_path/Frameworks",
				);
				MARKETING_VERSION = 1.0;
				PRODUCT_BUNDLE_IDENTIFIER = "first.Five-Answer-Box";
				PRODUCT_NAME = "$(TARGET_NAME)";
				SWIFT_EMIT_LOC_STRINGS = YES;
				SWIFT_VERSION = 5.0;
				TARGETED_DEVICE_FAMILY = "1,2";
			};
			name = Debug;
		};
		45839DE62AAF4D5C00BBE821 /* Release */ = {
			isa = XCBuildConfiguration;
			buildSettings = {
				ASSETCATALOG_COMPILER_APPICON_NAME = AppIcon;
				ASSETCATALOG_COMPILER_GLOBAL_ACCENT_COLOR_NAME = AccentColor;
				CODE_SIGN_STYLE = Automatic;
				CURRENT_PROJECT_VERSION = 1;
				GENERATE_INFOPLIST_FILE = YES;
				INFOPLIST_FILE = Five_Answer_Box/Info.plist;
				INFOPLIST_KEY_UIApplicationSupportsIndirectInputEvents = YES;
				INFOPLIST_KEY_UILaunchStoryboardName = LaunchScreen;
				INFOPLIST_KEY_UIMainStoryboardFile = Main;
				INFOPLIST_KEY_UISupportedInterfaceOrientations_iPad = "UIInterfaceOrientationPortrait UIInterfaceOrientationPortraitUpsideDown UIInterfaceOrientationLandscapeLeft UIInterfaceOrientationLandscapeRight";
				INFOPLIST_KEY_UISupportedInterfaceOrientations_iPhone = "UIInterfaceOrientationPortrait UIInterfaceOrientationLandscapeLeft UIInterfaceOrientationLandscapeRight";
				LD_RUNPATH_SEARCH_PATHS = (
					"$(inherited)",
					"@executable_path/Frameworks",
				);
				MARKETING_VERSION = 1.0;
				PRODUCT_BUNDLE_IDENTIFIER = "first.Five-Answer-Box";
				PRODUCT_NAME = "$(TARGET_NAME)";
				SWIFT_EMIT_LOC_STRINGS = YES;
				SWIFT_VERSION = 5.0;
				TARGETED_DEVICE_FAMILY = "1,2";
			};
			name = Release;
		};
		45839DE82AAF4D5C00BBE821 /* Debug */ = {
			isa = XCBuildConfiguration;
			buildSettings = {
				ALWAYS_EMBED_SWIFT_STANDARD_LIBRARIES = YES;
				BUNDLE_LOADER = "$(TEST_HOST)";
				CODE_SIGN_STYLE = Automatic;
				CURRENT_PROJECT_VERSION = 1;
				GENERATE_INFOPLIST_FILE = YES;
				IPHONEOS_DEPLOYMENT_TARGET = 16.4;
				MARKETING_VERSION = 1.0;
				PRODUCT_BUNDLE_IDENTIFIER = "first.Five-Answer-BoxTests";
				PRODUCT_NAME = "$(TARGET_NAME)";
				SWIFT_EMIT_LOC_STRINGS = NO;
				SWIFT_VERSION = 5.0;
				TARGETED_DEVICE_FAMILY = "1,2";
				TEST_HOST = "$(BUILT_PRODUCTS_DIR)/Five_Answer_Box.app/$(BUNDLE_EXECUTABLE_FOLDER_PATH)/Five_Answer_Box";
			};
			name = Debug;
		};
		45839DE92AAF4D5C00BBE821 /* Release */ = {
			isa = XCBuildConfiguration;
			buildSettings = {
				ALWAYS_EMBED_SWIFT_STANDARD_LIBRARIES = YES;
				BUNDLE_LOADER = "$(TEST_HOST)";
				CODE_SIGN_STYLE = Automatic;
				CURRENT_PROJECT_VERSION = 1;
				GENERATE_INFOPLIST_FILE = YES;
				IPHONEOS_DEPLOYMENT_TARGET = 16.4;
				MARKETING_VERSION = 1.0;
				PRODUCT_BUNDLE_IDENTIFIER = "first.Five-Answer-BoxTests";
				PRODUCT_NAME = "$(TARGET_NAME)";
				SWIFT_EMIT_LOC_STRINGS = NO;
				SWIFT_VERSION = 5.0;
				TARGETED_DEVICE_FAMILY = "1,2";
				TEST_HOST = "$(BUILT_PRODUCTS_DIR)/Five_Answer_Box.app/$(BUNDLE_EXECUTABLE_FOLDER_PATH)/Five_Answer_Box";
			};
			name = Release;
		};
		45839DEB2AAF4D5C00BBE821 /* Debug */ = {
			isa = XCBuildConfiguration;
			buildSettings = {
				ALWAYS_EMBED_SWIFT_STANDARD_LIBRARIES = YES;
				CODE_SIGN_STYLE = Automatic;
				CURRENT_PROJECT_VERSION = 1;
				GENERATE_INFOPLIST_FILE = YES;
				MARKETING_VERSION = 1.0;
				PRODUCT_BUNDLE_IDENTIFIER = "first.Five-Answer-BoxUITests";
				PRODUCT_NAME = "$(TARGET_NAME)";
				SWIFT_EMIT_LOC_STRINGS = NO;
				SWIFT_VERSION = 5.0;
				TARGETED_DEVICE_FAMILY = "1,2";
				TEST_TARGET_NAME = Five_Answer_Box;
			};
			name = Debug;
		};
		45839DEC2AAF4D5C00BBE821 /* Release */ = {
			isa = XCBuildConfiguration;
			buildSettings = {
				ALWAYS_EMBED_SWIFT_STANDARD_LIBRARIES = YES;
				CODE_SIGN_STYLE = Automatic;
				CURRENT_PROJECT_VERSION = 1;
				GENERATE_INFOPLIST_FILE = YES;
				MARKETING_VERSION = 1.0;
				PRODUCT_BUNDLE_IDENTIFIER = "first.Five-Answer-BoxUITests";
				PRODUCT_NAME = "$(TARGET_NAME)";
				SWIFT_EMIT_LOC_STRINGS = NO;
				SWIFT_VERSION = 5.0;
				TARGETED_DEVICE_FAMILY = "1,2";
				TEST_TARGET_NAME = Five_Answer_Box;
			};
			name = Release;
		};
/* End XCBuildConfiguration section */

/* Begin XCConfigurationList section */
		45839DB52AAF4D5A00BBE821 /* Build configuration list for PBXProject "Five_Answer_Box" */ = {
			isa = XCConfigurationList;
			buildConfigurations = (
				45839DE22AAF4D5C00BBE821 /* Debug */,
				45839DE32AAF4D5C00BBE821 /* Release */,
			);
			defaultConfigurationIsVisible = 0;
			defaultConfigurationName = Release;
		};
		45839DE42AAF4D5C00BBE821 /* Build configuration list for PBXNativeTarget "Five_Answer_Box" */ = {
			isa = XCConfigurationList;
			buildConfigurations = (
				45839DE52AAF4D5C00BBE821 /* Debug */,
				45839DE62AAF4D5C00BBE821 /* Release */,
			);
			defaultConfigurationIsVisible = 0;
			defaultConfigurationName = Release;
		};
		45839DE72AAF4D5C00BBE821 /* Build configuration list for PBXNativeTarget "Five_Answer_BoxTests" */ = {
			isa = XCConfigurationList;
			buildConfigurations = (
				45839DE82AAF4D5C00BBE821 /* Debug */,
				45839DE92AAF4D5C00BBE821 /* Release */,
			);
			defaultConfigurationIsVisible = 0;
			defaultConfigurationName = Release;
		};
		45839DEA2AAF4D5C00BBE821 /* Build configuration list for PBXNativeTarget "Five_Answer_BoxUITests" */ = {
			isa = XCConfigurationList;
			buildConfigurations = (
				45839DEB2AAF4D5C00BBE821 /* Debug */,
				45839DEC2AAF4D5C00BBE821 /* Release */,
			);
			defaultConfigurationIsVisible = 0;
			defaultConfigurationName = Release;
		};
/* End XCConfigurationList section */
	};
	rootObject = 45839DB22AAF4D5A00BBE821 /* Project object */;
}
